
Microsoft Visual Studio Solution File, Format Version 12.00
# Visual Studio Version 16
VisualStudioVersion = 16.0.31624.102
MinimumVisualStudioVersion = 10.0.40219.1
Project("{FAE04EC0-301F-11D3-BF4B-00C04F79EFBC}") = "spartan-claim-service", "spartan-claim-service.csproj", "{78F2D940-44A5-4694-B96A-2BA1050F7AEB}"
EndProject
Global
	GlobalSection(SolutionConfigurationPlatforms) = preSolution
		Debug|Any CPU = Debug|Any CPU
		Release|Any CPU = Release|Any CPU
	EndGlobalSection
	GlobalSection(ProjectConfigurationPlatforms) = postSolution
		{78F2D940-44A5-4694-B96A-2BA1050F7AEB}.Debug|Any CPU.ActiveCfg = Debug|Any CPU
		{78F2D940-44A5-4694-B96A-2BA1050F7AEB}.Debug|Any CPU.Build.0 = Debug|Any CPU
		{78F2D940-44A5-4694-B96A-2BA1050F7AEB}.Release|Any CPU.ActiveCfg = Release|Any CPU
		{78F2D940-44A5-4694-B96A-2BA1050F7AEB}.Release|Any CPU.Build.0 = Release|Any CPU
	EndGlobalSection
	GlobalSection(SolutionProperties) = preSolution
		HideSolutionNode = FALSE
	EndGlobalSection
	GlobalSection(ExtensibilityGlobals) = postSolution
		SolutionGuid = {F1C958C1-FDCC-4E79-9440-16D228581D82}
	EndGlobalSection
EndGlobal
