
Microsoft Visual Studio Solution File, Format Version 12.00
# Visual Studio Version 16
VisualStudioVersion = 16.0.31911.196
MinimumVisualStudioVersion = 10.0.40219.1
Project("{9A19103F-16F7-4668-BE54-9A1E7A4F7556}") = "SpartanClaims", "SpartanClaims\SpartanClaims\SpartanClaims.csproj", "{DE01DB98-475C-4191-BB86-0EFEF708D428}"
EndProject
Global
	GlobalSection(SolutionConfigurationPlatforms) = preSolution
		Debug|Any CPU = Debug|Any CPU
		Release|Any CPU = Release|Any CPU
	EndGlobalSection
	GlobalSection(ProjectConfigurationPlatforms) = postSolution
		{DE01DB98-475C-4191-BB86-0EFEF708D428}.Debug|Any CPU.ActiveCfg = Debug|Any CPU
		{DE01DB98-475C-4191-BB86-0EFEF708D428}.Debug|Any CPU.Build.0 = Debug|Any CPU
		{DE01DB98-475C-4191-BB86-0EFEF708D428}.Release|Any CPU.ActiveCfg = Release|Any CPU
		{DE01DB98-475C-4191-BB86-0EFEF708D428}.Release|Any CPU.Build.0 = Release|Any CPU
	EndGlobalSection
	GlobalSection(SolutionProperties) = preSolution
		HideSolutionNode = FALSE
	EndGlobalSection
	GlobalSection(ExtensibilityGlobals) = postSolution
		SolutionGuid = {FEF8D1A5-187D-49FB-8E45-FEC0E7B7AA2A}
	EndGlobalSection
EndGlobal
